
Microsoft Visual Studio Solution File, Format Version 12.00
# Visual Studio Version 17
VisualStudioVersion = 17.4.33213.308
MinimumVisualStudioVersion = 10.0.40219.1
Project("{FAE04EC0-301F-11D3-BF4B-00C04F79EFBC}") = "MinimapApiCar", "MinimapApiCar\MinimapApiCar.csproj", "{9C72C0BC-BBE1-4858-82BC-4EB8E1AEA253}"
EndProject
Global
	GlobalSection(SolutionConfigurationPlatforms) = preSolution
		Debug|Any CPU = Debug|Any CPU
		Release|Any CPU = Release|Any CPU
	EndGlobalSection
	GlobalSection(ProjectConfigurationPlatforms) = postSolution
		{9C72C0BC-BBE1-4858-82BC-4EB8E1AEA253}.Debug|Any CPU.ActiveCfg = Debug|Any CPU
		{9C72C0BC-BBE1-4858-82BC-4EB8E1AEA253}.Debug|Any CPU.Build.0 = Debug|Any CPU
		{9C72C0BC-BBE1-4858-82BC-4EB8E1AEA253}.Release|Any CPU.ActiveCfg = Release|Any CPU
		{9C72C0BC-BBE1-4858-82BC-4EB8E1AEA253}.Release|Any CPU.Build.0 = Release|Any CPU
	EndGlobalSection
	GlobalSection(SolutionProperties) = preSolution
		HideSolutionNode = FALSE
	EndGlobalSection
	GlobalSection(ExtensibilityGlobals) = postSolution
		SolutionGuid = {67B0F18C-E1D5-451C-822F-C498B01612E4}
	EndGlobalSection
EndGlobal
